
Microsoft Visual Studio Solution File, Format Version 12.00
# Visual Studio Version 17
VisualStudioVersion = 17.5.33627.172
MinimumVisualStudioVersion = 10.0.40219.1
Project("{FAE04EC0-301F-11D3-BF4B-00C04F79EFBC}") = "Dictionary", "Dictionary.csproj", "{16479885-2696-46DB-8E1E-9E7E67C90861}"
EndProject
Global
	GlobalSection(SolutionConfigurationPlatforms) = preSolution
		Debug|Any CPU = Debug|Any CPU
		Release|Any CPU = Release|Any CPU
	EndGlobalSection
	GlobalSection(ProjectConfigurationPlatforms) = postSolution
		{16479885-2696-46DB-8E1E-9E7E67C90861}.Debug|Any CPU.ActiveCfg = Debug|Any CPU
		{16479885-2696-46DB-8E1E-9E7E67C90861}.Debug|Any CPU.Build.0 = Debug|Any CPU
		{16479885-2696-46DB-8E1E-9E7E67C90861}.Release|Any CPU.ActiveCfg = Release|Any CPU
		{16479885-2696-46DB-8E1E-9E7E67C90861}.Release|Any CPU.Build.0 = Release|Any CPU
	EndGlobalSection
	GlobalSection(SolutionProperties) = preSolution
		HideSolutionNode = FALSE
	EndGlobalSection
	GlobalSection(ExtensibilityGlobals) = postSolution
		SolutionGuid = {E54AB7E3-29FA-4C98-B2EA-D37A39A68511}
	EndGlobalSection
EndGlobal
